
Microsoft Visual Studio Solution File, Format Version 12.00
# Visual Studio Version 17
VisualStudioVersion = 17.0.32112.339
MinimumVisualStudioVersion = 10.0.40219.1
Project("{FAE04EC0-301F-11D3-BF4B-00C04F79EFBC}") = "ClassMetotDemo", "ClassMetotDemo\ClassMetotDemo.csproj", "{2D531779-06BB-4029-B764-5D3D683C7BAD}"
EndProject
Global
	GlobalSection(SolutionConfigurationPlatforms) = preSolution
		Debug|Any CPU = Debug|Any CPU
		Release|Any CPU = Release|Any CPU
	EndGlobalSection
	GlobalSection(ProjectConfigurationPlatforms) = postSolution
		{2D531779-06BB-4029-B764-5D3D683C7BAD}.Debug|Any CPU.ActiveCfg = Debug|Any CPU
		{2D531779-06BB-4029-B764-5D3D683C7BAD}.Debug|Any CPU.Build.0 = Debug|Any CPU
		{2D531779-06BB-4029-B764-5D3D683C7BAD}.Release|Any CPU.ActiveCfg = Release|Any CPU
		{2D531779-06BB-4029-B764-5D3D683C7BAD}.Release|Any CPU.Build.0 = Release|Any CPU
	EndGlobalSection
	GlobalSection(SolutionProperties) = preSolution
		HideSolutionNode = FALSE
	EndGlobalSection
	GlobalSection(ExtensibilityGlobals) = postSolution
		SolutionGuid = {BCED805F-1E27-4866-8104-FB913E186E94}
	EndGlobalSection
EndGlobal
